%{"connection": {:hex, :connection, "1.0.4"},
  "cors_plug": {:hex, :cors_plug, "1.1.2"},
  "cowboy": {:hex, :cowboy, "1.0.4"},
  "cowlib": {:hex, :cowlib, "1.0.2"},
  "mime": {:hex, :mime, "1.0.0"},
  "mongodb": {:hex, :mongodb, "0.1.1"},
  "plug": {:hex, :plug, "1.2.0-rc.0"},
  "poison": {:hex, :poison, "2.2.0"},
  "poolboy": {:hex, :poolboy, "1.5.1"},
  "ranch": {:hex, :ranch, "1.2.1"}}
